
Microsoft Visual Studio Solution File, Format Version 12.00
# Visual Studio 15
VisualStudioVersion = 15.0.33026.149
MinimumVisualStudioVersion = 10.0.40219.1
Project("{FAE04EC0-301F-11D3-BF4B-00C04F79EFBC}") = "InventoryClient", "InventoryClient.csproj", "{1DEEC51C-E6A5-4713-87C9-0FC0AA9BEED2}"
EndProject
Project("{FAE04EC0-301F-11D3-BF4B-00C04F79EFBC}") = "MqttnetApp", "..\MqttnetApp\MqttnetApp.csproj", "{5FD7F5C6-F8B0-494D-B892-590446BC9A7D}"
EndProject
Global
	GlobalSection(SolutionConfigurationPlatforms) = preSolution
		Debug|Any CPU = Debug|Any CPU
		Debug|x64 = Debug|x64
		Debug|x86 = Debug|x86
		Release|Any CPU = Release|Any CPU
		Release|x64 = Release|x64
		Release|x86 = Release|x86
	EndGlobalSection
	GlobalSection(ProjectConfigurationPlatforms) = postSolution
		{1DEEC51C-E6A5-4713-87C9-0FC0AA9BEED2}.Debug|Any CPU.ActiveCfg = Debug|Any CPU
		{1DEEC51C-E6A5-4713-87C9-0FC0AA9BEED2}.Debug|Any CPU.Build.0 = Debug|Any CPU
		{1DEEC51C-E6A5-4713-87C9-0FC0AA9BEED2}.Debug|x64.ActiveCfg = Debug|x64
		{1DEEC51C-E6A5-4713-87C9-0FC0AA9BEED2}.Debug|x64.Build.0 = Debug|x64
		{1DEEC51C-E6A5-4713-87C9-0FC0AA9BEED2}.Debug|x86.ActiveCfg = Debug|x86
		{1DEEC51C-E6A5-4713-87C9-0FC0AA9BEED2}.Debug|x86.Build.0 = Debug|x86
		{1DEEC51C-E6A5-4713-87C9-0FC0AA9BEED2}.Release|Any CPU.ActiveCfg = Release|Any CPU
		{1DEEC51C-E6A5-4713-87C9-0FC0AA9BEED2}.Release|Any CPU.Build.0 = Release|Any CPU
		{1DEEC51C-E6A5-4713-87C9-0FC0AA9BEED2}.Release|x64.ActiveCfg = Release|x64
		{1DEEC51C-E6A5-4713-87C9-0FC0AA9BEED2}.Release|x64.Build.0 = Release|x64
		{1DEEC51C-E6A5-4713-87C9-0FC0AA9BEED2}.Release|x86.ActiveCfg = Release|x86
		{1DEEC51C-E6A5-4713-87C9-0FC0AA9BEED2}.Release|x86.Build.0 = Release|x86
		{5FD7F5C6-F8B0-494D-B892-590446BC9A7D}.Debug|Any CPU.ActiveCfg = Debug|Any CPU
		{5FD7F5C6-F8B0-494D-B892-590446BC9A7D}.Debug|Any CPU.Build.0 = Debug|Any CPU
		{5FD7F5C6-F8B0-494D-B892-590446BC9A7D}.Debug|x64.ActiveCfg = Debug|Any CPU
		{5FD7F5C6-F8B0-494D-B892-590446BC9A7D}.Debug|x64.Build.0 = Debug|Any CPU
		{5FD7F5C6-F8B0-494D-B892-590446BC9A7D}.Debug|x86.ActiveCfg = Debug|Any CPU
		{5FD7F5C6-F8B0-494D-B892-590446BC9A7D}.Debug|x86.Build.0 = Debug|Any CPU
		{5FD7F5C6-F8B0-494D-B892-590446BC9A7D}.Release|Any CPU.ActiveCfg = Release|Any CPU
		{5FD7F5C6-F8B0-494D-B892-590446BC9A7D}.Release|Any CPU.Build.0 = Release|Any CPU
		{5FD7F5C6-F8B0-494D-B892-590446BC9A7D}.Release|x64.ActiveCfg = Release|Any CPU
		{5FD7F5C6-F8B0-494D-B892-590446BC9A7D}.Release|x64.Build.0 = Release|Any CPU
		{5FD7F5C6-F8B0-494D-B892-590446BC9A7D}.Release|x86.ActiveCfg = Release|Any CPU
		{5FD7F5C6-F8B0-494D-B892-590446BC9A7D}.Release|x86.Build.0 = Release|Any CPU
	EndGlobalSection
	GlobalSection(SolutionProperties) = preSolution
		HideSolutionNode = FALSE
	EndGlobalSection
	GlobalSection(ExtensibilityGlobals) = postSolution
		SolutionGuid = {B9CC5B45-3A3C-4507-9B43-5E16083D0B84}
	EndGlobalSection
EndGlobal
